
Microsoft Visual Studio Solution File, Format Version 12.00
# Visual Studio Version 17
VisualStudioVersion = 17.9.34622.214
MinimumVisualStudioVersion = 10.0.40219.1
Project("{9A19103F-16F7-4668-BE54-9A1E7A4F7556}") = "MassivesOOP", "MassivesOOP\MassivesOOP.csproj", "{A7828A58-3A66-497E-9DBA-E120BA9871DF}"
EndProject
Project("{9A19103F-16F7-4668-BE54-9A1E7A4F7556}") = "IndexatorOOP-Shop", "IndexatorOOP-Shop\IndexatorOOP-Shop.csproj", "{7A80009F-3A96-4172-B486-1D8B46AF93E1}"
EndProject
Project("{9A19103F-16F7-4668-BE54-9A1E7A4F7556}") = "Indexator-TrasnlateOOP", "Indexator-TrasnlateOOP\Indexator-TrasnlateOOP.csproj", "{7CADBBB8-63AB-4F45-9CAB-DBA5BD4877EF}"
EndProject
Project("{FAE04EC0-301F-11D3-BF4B-00C04F79EFBC}") = "Individuel Lesson", "Individuel Lesson\Individuel Lesson.csproj", "{7D9D2A2F-CC8A-4534-9429-AF1B2C946E9D}"
EndProject
Global
	GlobalSection(SolutionConfigurationPlatforms) = preSolution
		Debug|Any CPU = Debug|Any CPU
		Release|Any CPU = Release|Any CPU
	EndGlobalSection
	GlobalSection(ProjectConfigurationPlatforms) = postSolution
		{A7828A58-3A66-497E-9DBA-E120BA9871DF}.Debug|Any CPU.ActiveCfg = Debug|Any CPU
		{A7828A58-3A66-497E-9DBA-E120BA9871DF}.Debug|Any CPU.Build.0 = Debug|Any CPU
		{A7828A58-3A66-497E-9DBA-E120BA9871DF}.Release|Any CPU.ActiveCfg = Release|Any CPU
		{A7828A58-3A66-497E-9DBA-E120BA9871DF}.Release|Any CPU.Build.0 = Release|Any CPU
		{7A80009F-3A96-4172-B486-1D8B46AF93E1}.Debug|Any CPU.ActiveCfg = Debug|Any CPU
		{7A80009F-3A96-4172-B486-1D8B46AF93E1}.Debug|Any CPU.Build.0 = Debug|Any CPU
		{7A80009F-3A96-4172-B486-1D8B46AF93E1}.Release|Any CPU.ActiveCfg = Release|Any CPU
		{7A80009F-3A96-4172-B486-1D8B46AF93E1}.Release|Any CPU.Build.0 = Release|Any CPU
		{7CADBBB8-63AB-4F45-9CAB-DBA5BD4877EF}.Debug|Any CPU.ActiveCfg = Debug|Any CPU
		{7CADBBB8-63AB-4F45-9CAB-DBA5BD4877EF}.Debug|Any CPU.Build.0 = Debug|Any CPU
		{7CADBBB8-63AB-4F45-9CAB-DBA5BD4877EF}.Release|Any CPU.ActiveCfg = Release|Any CPU
		{7CADBBB8-63AB-4F45-9CAB-DBA5BD4877EF}.Release|Any CPU.Build.0 = Release|Any CPU
		{7D9D2A2F-CC8A-4534-9429-AF1B2C946E9D}.Debug|Any CPU.ActiveCfg = Debug|Any CPU
		{7D9D2A2F-CC8A-4534-9429-AF1B2C946E9D}.Debug|Any CPU.Build.0 = Debug|Any CPU
		{7D9D2A2F-CC8A-4534-9429-AF1B2C946E9D}.Release|Any CPU.ActiveCfg = Release|Any CPU
		{7D9D2A2F-CC8A-4534-9429-AF1B2C946E9D}.Release|Any CPU.Build.0 = Release|Any CPU
	EndGlobalSection
	GlobalSection(SolutionProperties) = preSolution
		HideSolutionNode = FALSE
	EndGlobalSection
	GlobalSection(ExtensibilityGlobals) = postSolution
		SolutionGuid = {CB94A66C-B35F-447B-B83F-69596193CB77}
	EndGlobalSection
EndGlobal
